# THIS IS AN AUTOGENERATED FILE. DO NOT EDIT THIS FILE DIRECTLY.
# yarn lockfile v1


"@types/lodash@^4.14.199":
  version "4.14.199"
  resolved "https://registry.yarnpkg.com/@types/lodash/-/lodash-4.14.199.tgz#c3edb5650149d847a277a8961a7ad360c474e9bf"
  integrity sha512-Vrjz5N5Ia4SEzWWgIVwnHNEnb1UE1XMkvY5DGXrAeOGE9imk0hgTHh5GyDjLDJi9OTCn9oo9dXH1uToK1VRfrg==

"@types/node@^16":
  version "16.18.58"
  resolved "https://registry.yarnpkg.com/@types/node/-/node-16.18.58.tgz#bf66f63983104ed57c754f4e84ccaf16f8235adb"
  integrity sha512-YGncyA25/MaVtQkjWW9r0EFBukZ+JulsLcVZBlGUfIb96OBMjkoRWwQo5IEWJ8Fj06Go3GHw+bjYDitv6BaGsA==

chalk@^5.3.0:
  version "5.3.0"
  resolved "https://registry.yarnpkg.com/chalk/-/chalk-5.3.0.tgz#67c20a7ebef70e7f3970a01f90fa210cb6860385"
  integrity sha512-dLitG79d+GV1Nb/VYcCDFivJeK1hiukt9QjRNVOsUtTy1rR1YJsmpGGTZ3qJos+uw7WmWF4wUwBd9jxjocFC2w==

lodash@^4.17.21:
  version "4.17.21"
  resolved "https://registry.yarnpkg.com/lodash/-/lodash-4.17.21.tgz#679591c564c3bffaae8454cf0b3df370c3d6911c"
  integrity sha512-v2kDEe57lecTulaDIuNTPy3Ry4gLGJ6Z1O3vE1krgXZNrsQ+LFTGHVxVjcXPs17LhbZVGedAJv8XZ1tvj5FvSg==

mdn-random@^1.0.0:
  version "1.0.0"
  resolved "https://registry.yarnpkg.com/mdn-random/-/mdn-random-1.0.0.tgz#b451af8302ea52e0552e3dbab9f9784c9b5e47f1"
  integrity sha512-gRaxo5JCkvv5nyC6fbaFuhz33cE1jQRbEesTVnPNEpD9HOy9PfCORrdHuyNaMPml7HlFig+u7ZecwEiKA4e2/A==

typescript@^5.2.2:
  version "5.2.2"
  resolved "https://registry.yarnpkg.com/typescript/-/typescript-5.2.2.tgz#5ebb5e5a5b75f085f22bc3f8460fba308310fa78"
  integrity sha512-mI4WrpHsbCIcwT9cF4FZvr80QUeKvsUsUvKDoR+X/7XHQH98xYD8YHZg7ANtz2GtZt/CBq2QJ0thkGJMHfqc1w==
