# THIS IS AN AUTOGENERATED FILE. DO NOT EDIT THIS FILE DIRECTLY.
# yarn lockfile v1


"@types/node@^18.18.5":
  version "18.18.5"
  resolved "https://registry.yarnpkg.com/@types/node/-/node-18.18.5.tgz#afc0fd975df946d6e1add5bbf98264225b212244"
  integrity sha512-4slmbtwV59ZxitY4ixUZdy1uRLf9eSIvBWPQxNjhHYWEtn0FryfKpyS2cvADYXTayWdKEIsJengncrVvkI4I6A==

typescript@^5.2.2:
  version "5.2.2"
  resolved "https://registry.yarnpkg.com/typescript/-/typescript-5.2.2.tgz#5ebb5e5a5b75f085f22bc3f8460fba308310fa78"
  integrity sha512-mI4WrpHsbCIcwT9cF4FZvr80QUeKvsUsUvKDoR+X/7XHQH98xYD8YHZg7ANtz2GtZt/CBq2QJ0thkGJMHfqc1w==
